
Microsoft Visual Studio Solution File, Format Version 12.00
# Visual Studio Version 17
VisualStudioVersion = 17.3.32929.385
MinimumVisualStudioVersion = 10.0.40219.1
Project("{FAE04EC0-301F-11D3-BF4B-00C04F79EFBC}") = "streams", "streams\streams.csproj", "{3C9E1D7F-CC9B-487B-B043-3580EB6BE202}"
EndProject
Global
	GlobalSection(SolutionConfigurationPlatforms) = preSolution
		Debug|Any CPU = Debug|Any CPU
		Release|Any CPU = Release|Any CPU
	EndGlobalSection
	GlobalSection(ProjectConfigurationPlatforms) = postSolution
		{3C9E1D7F-CC9B-487B-B043-3580EB6BE202}.Debug|Any CPU.ActiveCfg = Debug|Any CPU
		{3C9E1D7F-CC9B-487B-B043-3580EB6BE202}.Debug|Any CPU.Build.0 = Debug|Any CPU
		{3C9E1D7F-CC9B-487B-B043-3580EB6BE202}.Release|Any CPU.ActiveCfg = Release|Any CPU
		{3C9E1D7F-CC9B-487B-B043-3580EB6BE202}.Release|Any CPU.Build.0 = Release|Any CPU
	EndGlobalSection
	GlobalSection(SolutionProperties) = preSolution
		HideSolutionNode = FALSE
	EndGlobalSection
	GlobalSection(ExtensibilityGlobals) = postSolution
		SolutionGuid = {21E8CC82-6187-41C6-A23B-D4CF56FBF065}
	EndGlobalSection
EndGlobal
